{
  "name": "pixelnode-input-tinkerforgetouch",
  "version": "0.0.1",
  "lockfileVersion": 2,
  "requires": true,
  "packages": {
    "": {
      "name": "pixelnode-input-tinkerforgetouch",
      "version": "0.0.1",
      "license": "MIT",
      "dependencies": {
        "pixelnode-input": "0.0.2",
        "tinkerforge": "^2.1.33"
      },
      "devDependencies": {
        "pixelnode-input": "file:../PixelNode_Input"
      }
    },
    "../PixelNode_Input": {
      "version": "0.0.3",
      "dev": true,
      "license": "MIT"
    },
    "node_modules/pixelnode-input": {
      "resolved": "../PixelNode_Input",
      "link": true
    },
    "node_modules/tinkerforge": {
      "version": "2.1.33",
      "resolved": "https://registry.npmjs.org/tinkerforge/-/tinkerforge-2.1.33.tgz",
      "integrity": "sha512-+SP9ut2p74iS2zQYl0SxYMGXmbYJ7jUeue23zCctbicYL11kexClQO75YnTXjlz2gH8jgcdZTsCb4D2mxTktJA==",
      "engines": {
        "node": ">=0.6"
      }
    }
  },
  "dependencies": {
    "pixelnode-input": {
      "version": "file:../PixelNode_Input"
    },
    "tinkerforge": {
      "version": "2.1.33",
      "resolved": "https://registry.npmjs.org/tinkerforge/-/tinkerforge-2.1.33.tgz",
      "integrity": "sha512-+SP9ut2p74iS2zQYl0SxYMGXmbYJ7jUeue23zCctbicYL11kexClQO75YnTXjlz2gH8jgcdZTsCb4D2mxTktJA=="
    }
  }
}
