{
  "name": "pixelnode-input-tinkerforgetouch",
  "version": "0.0.1",
  "lockfileVersion": 1,
  "requires": true,
  "dependencies": {
    "pixelnode-input": {
      "version": "0.0.2",
      "resolved": "https://registry.npmjs.org/pixelnode-input/-/pixelnode-input-0.0.2.tgz",
      "integrity": "sha1-FZ+xl26Sg8Q3hA/obcZrfHMMWRU=",
      "requires": {
        "underscore": "^1.8.3"
      }
    },
    "tinkerforge": {
      "version": "2.1.33",
      "resolved": "https://registry.npmjs.org/tinkerforge/-/tinkerforge-2.1.33.tgz",
      "integrity": "sha512-+SP9ut2p74iS2zQYl0SxYMGXmbYJ7jUeue23zCctbicYL11kexClQO75YnTXjlz2gH8jgcdZTsCb4D2mxTktJA=="
    },
    "underscore": {
      "version": "1.13.1",
      "resolved": "https://registry.npmjs.org/underscore/-/underscore-1.13.1.tgz",
      "integrity": "sha512-hzSoAVtJF+3ZtiFX0VgfFPHEDRm7Y/QPjGyNo4TVdnDTdft3tr8hEkD25a1jC+TjTuE7tkHGKkhwCgs9dgBB2g=="
    }
  }
}
