{
  "name": "pixelnode-driver-tinkerforgeled2",
  "version": "0.0.1",
  "lockfileVersion": 2,
  "requires": true,
  "packages": {
    "": {
      "name": "pixelnode-driver-tinkerforgeled2",
      "version": "0.0.1",
      "license": "MIT",
      "dependencies": {
        "colors": "^1.0.3",
        "pixelnode-driver": "0.1.x",
        "tinkerforge": "^2.1.33"
      },
      "devDependencies": {
        "pixelnode-driver": "file:../PixelNode_Driver"
      }
    },
    "../PixelNode_Driver": {
      "version": "0.2.1",
      "dev": true,
      "license": "MIT"
    },
    "node_modules/colors": {
      "version": "1.1.2",
      "resolved": "https://registry.npmjs.org/colors/-/colors-1.1.2.tgz",
      "integrity": "sha1-FopHAXVran9RoSzgyXv6KMCE7WM=",
      "engines": {
        "node": ">=0.1.90"
      }
    },
    "node_modules/pixelnode-driver": {
      "resolved": "../PixelNode_Driver",
      "link": true
    },
    "node_modules/tinkerforge": {
      "version": "2.1.33",
      "resolved": "https://registry.npmjs.org/tinkerforge/-/tinkerforge-2.1.33.tgz",
      "integrity": "sha512-+SP9ut2p74iS2zQYl0SxYMGXmbYJ7jUeue23zCctbicYL11kexClQO75YnTXjlz2gH8jgcdZTsCb4D2mxTktJA==",
      "engines": {
        "node": ">=0.6"
      }
    }
  },
  "dependencies": {
    "colors": {
      "version": "1.1.2",
      "resolved": "https://registry.npmjs.org/colors/-/colors-1.1.2.tgz",
      "integrity": "sha1-FopHAXVran9RoSzgyXv6KMCE7WM="
    },
    "pixelnode-driver": {
      "version": "file:../PixelNode_Driver"
    },
    "tinkerforge": {
      "version": "2.1.33",
      "resolved": "https://registry.npmjs.org/tinkerforge/-/tinkerforge-2.1.33.tgz",
      "integrity": "sha512-+SP9ut2p74iS2zQYl0SxYMGXmbYJ7jUeue23zCctbicYL11kexClQO75YnTXjlz2gH8jgcdZTsCb4D2mxTktJA=="
    }
  }
}
