# THIS IS AN AUTOGENERATED FILE. DO NOT EDIT THIS FILE DIRECTLY.
# yarn lockfile v1


"colors@^1.0.3":
  "integrity" "sha1-FopHAXVran9RoSzgyXv6KMCE7WM="
  "resolved" "https://registry.npmjs.org/colors/-/colors-1.1.2.tgz"
  "version" "1.1.2"

"nan@^2.14.0":
  "integrity" "sha512-INOFj37C7k3AfaNTtX8RhsTw7qRy7eLET14cROi9+5HAVbbHuIWUHEauBv5qT4Av2tWasiTY1Jw6puUNqRJXQg=="
  "resolved" "https://registry.npmjs.org/nan/-/nan-2.14.0.tgz"
  "version" "2.14.0"

"pi-spi@^1.2.x":
  "integrity" "sha512-cPquRYzFZJzPwFpFpLOY13bg+jYzufo0hhYi+IsMlcSSdmzHqHLvghUz4vZWcjm6tqiEwNoMP8MQR1wuyLpnnw=="
  "resolved" "https://registry.npmjs.org/pi-spi/-/pi-spi-1.2.1.tgz"
  "version" "1.2.1"
  dependencies:
    "nan" "^2.14.0"

"pixelnode-driver@file:../PixelNode_Driver":
  "resolved" "file:../PixelNode_Driver"
  "version" "0.2.1"

"split-array-into-chunks@^1.0.0":
  "integrity" "sha512-bWXpFs+oF1Xvb3BaEA4YVA7ln7AiheoFyo7HklRheLusiySlZdxejfzK5dQLNnU5+XN5qWL9wHGwuJv4VNKgPw=="
  "resolved" "https://registry.npmjs.org/split-array-into-chunks/-/split-array-into-chunks-1.0.0.tgz"
  "version" "1.0.0"
