{
  "name": "pixelnode-driver-dmx",
  "version": "0.0.1",
  "lockfileVersion": 2,
  "requires": true,
  "packages": {
    "": {
      "name": "pixelnode-driver-dmx",
      "version": "0.0.1",
      "license": "MIT",
      "dependencies": {
        "colors": "^1.0.3",
        "dmxnet": "^0.2.4",
        "pixelnode-driver": "0.1.x"
      },
      "devDependencies": {
        "pixelnode-driver": "file:../PixelNode_Driver"
      }
    },
    "../PixelNode_Driver": {
      "version": "0.2.1",
      "dev": true,
      "license": "MIT"
    },
    "node_modules/colors": {
      "version": "1.1.2",
      "resolved": "https://registry.npmjs.org/colors/-/colors-1.1.2.tgz",
      "integrity": "sha1-FopHAXVran9RoSzgyXv6KMCE7WM=",
      "engines": {
        "node": ">=0.1.90"
      }
    },
    "node_modules/dmxnet": {
      "version": "0.2.4",
      "resolved": "https://registry.npmjs.org/dmxnet/-/dmxnet-0.2.4.tgz",
      "integrity": "sha512-VFEu7CVpWCCYq9P1b4xm7kkkc42pXcpwPiz/fUdDhMmhXE8WKdGMfGlVFQAO2K83GztJ3odtKGCE4WPiz3yLCA==",
      "dependencies": {
        "jspack": "0.0.4",
        "netmask": "^1.0.6",
        "simple-node-logger": "^0.93.42"
      }
    },
    "node_modules/jspack": {
      "version": "0.0.4",
      "resolved": "https://registry.npmjs.org/jspack/-/jspack-0.0.4.tgz",
      "integrity": "sha1-Mt01x/3LPjRWwY+7fvntC8YjgXc="
    },
    "node_modules/lodash": {
      "version": "4.17.15",
      "resolved": "https://registry.npmjs.org/lodash/-/lodash-4.17.15.tgz",
      "integrity": "sha512-8xOcRHvCjnocdS5cpwXQXVzmmh5e5+saE2QGoeQmbKmRS6J3VQppPOIt0MnmE+4xlZoumy0GPG0D0MVIQbNA1A=="
    },
    "node_modules/moment": {
      "version": "2.24.0",
      "resolved": "https://registry.npmjs.org/moment/-/moment-2.24.0.tgz",
      "integrity": "sha512-bV7f+6l2QigeBBZSM/6yTNq4P2fNpSWj/0e7jQcy87A8e7o2nAfP/34/2ky5Vw4B9S446EtIhodAzkFCcR4dQg==",
      "engines": {
        "node": "*"
      }
    },
    "node_modules/netmask": {
      "version": "1.0.6",
      "resolved": "https://registry.npmjs.org/netmask/-/netmask-1.0.6.tgz",
      "integrity": "sha1-ICl+idhvb2QA8lDZ9Pa0wZRfzTU=",
      "engines": {
        "node": ">= 0.4.0"
      }
    },
    "node_modules/pixelnode-driver": {
      "resolved": "../PixelNode_Driver",
      "link": true
    },
    "node_modules/simple-node-logger": {
      "version": "0.93.42",
      "resolved": "https://registry.npmjs.org/simple-node-logger/-/simple-node-logger-0.93.42.tgz",
      "integrity": "sha512-3Kh0egP+iYr/TSDOdbLEMgyd9o6XsBMk3xk4Ds0/dwoclgDOqdOygusBixcr6ls0nG5xTpwgWiatWfZXjCiCLA==",
      "dependencies": {
        "lodash": "^4.17.10",
        "moment": "^2.20.1"
      }
    }
  },
  "dependencies": {
    "colors": {
      "version": "1.1.2",
      "resolved": "https://registry.npmjs.org/colors/-/colors-1.1.2.tgz",
      "integrity": "sha1-FopHAXVran9RoSzgyXv6KMCE7WM="
    },
    "dmxnet": {
      "version": "0.2.4",
      "resolved": "https://registry.npmjs.org/dmxnet/-/dmxnet-0.2.4.tgz",
      "integrity": "sha512-VFEu7CVpWCCYq9P1b4xm7kkkc42pXcpwPiz/fUdDhMmhXE8WKdGMfGlVFQAO2K83GztJ3odtKGCE4WPiz3yLCA==",
      "requires": {
        "jspack": "0.0.4",
        "netmask": "^1.0.6",
        "simple-node-logger": "^0.93.42"
      }
    },
    "jspack": {
      "version": "0.0.4",
      "resolved": "https://registry.npmjs.org/jspack/-/jspack-0.0.4.tgz",
      "integrity": "sha1-Mt01x/3LPjRWwY+7fvntC8YjgXc="
    },
    "lodash": {
      "version": "4.17.15",
      "resolved": "https://registry.npmjs.org/lodash/-/lodash-4.17.15.tgz",
      "integrity": "sha512-8xOcRHvCjnocdS5cpwXQXVzmmh5e5+saE2QGoeQmbKmRS6J3VQppPOIt0MnmE+4xlZoumy0GPG0D0MVIQbNA1A=="
    },
    "moment": {
      "version": "2.24.0",
      "resolved": "https://registry.npmjs.org/moment/-/moment-2.24.0.tgz",
      "integrity": "sha512-bV7f+6l2QigeBBZSM/6yTNq4P2fNpSWj/0e7jQcy87A8e7o2nAfP/34/2ky5Vw4B9S446EtIhodAzkFCcR4dQg=="
    },
    "netmask": {
      "version": "1.0.6",
      "resolved": "https://registry.npmjs.org/netmask/-/netmask-1.0.6.tgz",
      "integrity": "sha1-ICl+idhvb2QA8lDZ9Pa0wZRfzTU="
    },
    "pixelnode-driver": {
      "version": "file:../PixelNode_Driver"
    },
    "simple-node-logger": {
      "version": "0.93.42",
      "resolved": "https://registry.npmjs.org/simple-node-logger/-/simple-node-logger-0.93.42.tgz",
      "integrity": "sha512-3Kh0egP+iYr/TSDOdbLEMgyd9o6XsBMk3xk4Ds0/dwoclgDOqdOygusBixcr6ls0nG5xTpwgWiatWfZXjCiCLA==",
      "requires": {
        "lodash": "^4.17.10",
        "moment": "^2.20.1"
      }
    }
  }
}
