# THIS IS AN AUTOGENERATED FILE. DO NOT EDIT THIS FILE DIRECTLY.
# yarn lockfile v1


"colors@^1.0.3":
  "integrity" "sha1-FopHAXVran9RoSzgyXv6KMCE7WM="
  "resolved" "https://registry.npmjs.org/colors/-/colors-1.1.2.tgz"
  "version" "1.1.2"

"dmxnet@^0.2.4":
  "integrity" "sha512-VFEu7CVpWCCYq9P1b4xm7kkkc42pXcpwPiz/fUdDhMmhXE8WKdGMfGlVFQAO2K83GztJ3odtKGCE4WPiz3yLCA=="
  "resolved" "https://registry.npmjs.org/dmxnet/-/dmxnet-0.2.4.tgz"
  "version" "0.2.4"
  dependencies:
    "jspack" "0.0.4"
    "netmask" "^1.0.6"
    "simple-node-logger" "^0.93.42"

"jspack@0.0.4":
  "integrity" "sha1-Mt01x/3LPjRWwY+7fvntC8YjgXc="
  "resolved" "https://registry.npmjs.org/jspack/-/jspack-0.0.4.tgz"
  "version" "0.0.4"

"lodash@^4.17.10":
  "integrity" "sha512-8xOcRHvCjnocdS5cpwXQXVzmmh5e5+saE2QGoeQmbKmRS6J3VQppPOIt0MnmE+4xlZoumy0GPG0D0MVIQbNA1A=="
  "resolved" "https://registry.npmjs.org/lodash/-/lodash-4.17.15.tgz"
  "version" "4.17.15"

"moment@^2.20.1":
  "integrity" "sha512-bV7f+6l2QigeBBZSM/6yTNq4P2fNpSWj/0e7jQcy87A8e7o2nAfP/34/2ky5Vw4B9S446EtIhodAzkFCcR4dQg=="
  "resolved" "https://registry.npmjs.org/moment/-/moment-2.24.0.tgz"
  "version" "2.24.0"

"netmask@^1.0.6":
  "integrity" "sha1-ICl+idhvb2QA8lDZ9Pa0wZRfzTU="
  "resolved" "https://registry.npmjs.org/netmask/-/netmask-1.0.6.tgz"
  "version" "1.0.6"

"pixelnode-driver@file:../PixelNode_Driver":
  "resolved" "file:../PixelNode_Driver"
  "version" "0.2.1"

"simple-node-logger@^0.93.42":
  "integrity" "sha512-3Kh0egP+iYr/TSDOdbLEMgyd9o6XsBMk3xk4Ds0/dwoclgDOqdOygusBixcr6ls0nG5xTpwgWiatWfZXjCiCLA=="
  "resolved" "https://registry.npmjs.org/simple-node-logger/-/simple-node-logger-0.93.42.tgz"
  "version" "0.93.42"
  dependencies:
    "lodash" "^4.17.10"
    "moment" "^2.20.1"
